
Microsoft Visual Studio Solution File, Format Version 12.00
# Visual Studio Version 17
VisualStudioVersion = 17.4.33213.308
MinimumVisualStudioVersion = 10.0.40219.1
Project("{FAE04EC0-301F-11D3-BF4B-00C04F79EFBC}") = "LandmarkHunt", "LandmarkHunt\LandmarkHunt.csproj", "{71158C95-CDDF-4864-B08B-58AD58F50BED}"
EndProject
Global
	GlobalSection(SolutionConfigurationPlatforms) = preSolution
		Debug|Any CPU = Debug|Any CPU
		Release|Any CPU = Release|Any CPU
	EndGlobalSection
	GlobalSection(ProjectConfigurationPlatforms) = postSolution
		{71158C95-CDDF-4864-B08B-58AD58F50BED}.Debug|Any CPU.ActiveCfg = Debug|Any CPU
		{71158C95-CDDF-4864-B08B-58AD58F50BED}.Debug|Any CPU.Build.0 = Debug|Any CPU
		{71158C95-CDDF-4864-B08B-58AD58F50BED}.Release|Any CPU.ActiveCfg = Release|Any CPU
		{71158C95-CDDF-4864-B08B-58AD58F50BED}.Release|Any CPU.Build.0 = Release|Any CPU
	EndGlobalSection
	GlobalSection(SolutionProperties) = preSolution
		HideSolutionNode = FALSE
	EndGlobalSection
	GlobalSection(ExtensibilityGlobals) = postSolution
		SolutionGuid = {A0E3E19A-B38A-4BA2-B1EA-61F143E94E15}
	EndGlobalSection
EndGlobal
